// !$*UTF8*$!
{
	archiveVersion = 1;
	classes = {
	};
	objectVersion = 46;
	objects = {

/* Begin PBXBuildFile section */
		AEA7B84A1C88110F004605A3 /* AppDelegate.swift in Sources */ = {isa = PBXBuildFile; fileRef = AEA7B8491C88110F004605A3 /* AppDelegate.swift */; };
		AEA7B84C1C88110F004605A3 /* ViewController.swift in Sources */ = {isa = PBXBuildFile; fileRef = AEA7B84B1C88110F004605A3 /* ViewController.swift */; };
		AEA7B84F1C88110F004605A3 /* Main.storyboard in Resources */ = {isa = PBXBuildFile; fileRef = AEA7B84D1C88110F004605A3 /* Main.storyboard */; };
		AEA7B8521C88110F004605A3 /* BahamaAirChapte4.xcdatamodeld in Sources */ = {isa = PBXBuildFile; fileRef = AEA7B8501C88110F004605A3 /* BahamaAirChapte4.xcdatamodeld */; };
		AEA7B8571C88110F004605A3 /* LaunchScreen.storyboard in Resources */ = {isa = PBXBuildFile; fileRef = AEA7B8551C88110F004605A3 /* LaunchScreen.storyboard */; };
		AEA7B85F1C881147004605A3 /* Images.xcassets in Resources */ = {isa = PBXBuildFile; fileRef = AEA7B85E1C881147004605A3 /* Images.xcassets */; };
		AEA7B8611C881666004605A3 /* FlightData.swift in Sources */ = {isa = PBXBuildFile; fileRef = AEA7B8601C881666004605A3 /* FlightData.swift */; };
/* End PBXBuildFile section */

/* Begin PBXFileReference section */
		AEA7B8461C88110F004605A3 /* BahamaAirChapte4.app */ = {isa = PBXFileReference; explicitFileType = wrapper.application; includeInIndex = 0; path = BahamaAirChapte4.app; sourceTree = BUILT_PRODUCTS_DIR; };
		AEA7B8491C88110F004605A3 /* AppDelegate.swift */ = {isa = PBXFileReference; lastKnownFileType = sourcecode.swift; path = AppDelegate.swift; sourceTree = "<group>"; };
		AEA7B84B1C88110F004605A3 /* ViewController.swift */ = {isa = PBXFileReference; lastKnownFileType = sourcecode.swift; path = ViewController.swift; sourceTree = "<group>"; };
		AEA7B84E1C88110F004605A3 /* Base */ = {isa = PBXFileReference; lastKnownFileType = file.storyboard; name = Base; path = Base.lproj/Main.storyboard; sourceTree = "<group>"; };
		AEA7B8511C88110F004605A3 /* BahamaAirChapte4.xcdatamodel */ = {isa = PBXFileReference; lastKnownFileType = wrapper.xcdatamodel; path = BahamaAirChapte4.xcdatamodel; sourceTree = "<group>"; };
		AEA7B8561C88110F004605A3 /* Base */ = {isa = PBXFileReference; lastKnownFileType = file.storyboard; name = Base; path = Base.lproj/LaunchScreen.storyboard; sourceTree = "<group>"; };
		AEA7B8581C88110F004605A3 /* Info.plist */ = {isa = PBXFileReference; lastKnownFileType = text.plist.xml; path = Info.plist; sourceTree = "<group>"; };
		AEA7B85E1C881147004605A3 /* Images.xcassets */ = {isa = PBXFileReference; lastKnownFileType = folder.assetcatalog; path = Images.xcassets; sourceTree = "<group>"; };
		AEA7B8601C881666004605A3 /* FlightData.swift */ = {isa = PBXFileReference; fileEncoding = 4; lastKnownFileType = sourcecode.swift; path = FlightData.swift; sourceTree = "<group>"; };
/* End PBXFileReference section */

/* Begin PBXFrameworksBuildPhase section */
		AEA7B8431C88110F004605A3 /* Frameworks */ = {
			isa = PBXFrameworksBuildPhase;
			buildActionMask = 2147483647;
			files = (
			);
			runOnlyForDeploymentPostprocessing = 0;
		};
/* End PBXFrameworksBuildPhase section */

/* Begin PBXGroup section */
		AEA7B83D1C88110F004605A3 = {
			isa = PBXGroup;
			children = (
				AEA7B8481C88110F004605A3 /* BahamaAirChapte4 */,
				AEA7B8471C88110F004605A3 /* Products */,
			);
			sourceTree = "<group>";
		};
		AEA7B8471C88110F004605A3 /* Products */ = {
			isa = PBXGroup;
			children = (
				AEA7B8461C88110F004605A3 /* BahamaAirChapte4.app */,
			);
			name = Products;
			sourceTree = "<group>";
		};
		AEA7B8481C88110F004605A3 /* BahamaAirChapte4 */ = {
			isa = PBXGroup;
			children = (
				AEA7B85E1C881147004605A3 /* Images.xcassets */,
				AEA7B8491C88110F004605A3 /* AppDelegate.swift */,
				AEA7B84B1C88110F004605A3 /* ViewController.swift */,
				AEA7B84D1C88110F004605A3 /* Main.storyboard */,
				AEA7B8551C88110F004605A3 /* LaunchScreen.storyboard */,
				AEA7B8581C88110F004605A3 /* Info.plist */,
				AEA7B8501C88110F004605A3 /* BahamaAirChapte4.xcdatamodeld */,
				AEA7B8601C881666004605A3 /* FlightData.swift */,
			);
			path = BahamaAirChapte4;
			sourceTree = "<group>";
		};
/* End PBXGroup section */

/* Begin PBXNativeTarget section */
		AEA7B8451C88110F004605A3 /* BahamaAirChapte4 */ = {
			isa = PBXNativeTarget;
			buildConfigurationList = AEA7B85B1C88110F004605A3 /* Build configuration list for PBXNativeTarget "BahamaAirChapte4" */;
			buildPhases = (
				AEA7B8421C88110F004605A3 /* Sources */,
				AEA7B8431C88110F004605A3 /* Frameworks */,
				AEA7B8441C88110F004605A3 /* Resources */,
			);
			buildRules = (
			);
			dependencies = (
			);
			name = BahamaAirChapte4;
			productName = BahamaAirChapte4;
			productReference = AEA7B8461C88110F004605A3 /* BahamaAirChapte4.app */;
			productType = "com.apple.product-type.application";
		};
/* End PBXNativeTarget section */

/* Begin PBXProject section */
		AEA7B83E1C88110F004605A3 /* Project object */ = {
			isa = PBXProject;
			attributes = {
				LastSwiftUpdateCheck = 0720;
				LastUpgradeCheck = 0720;
				ORGANIZATIONNAME = Junna;
				TargetAttributes = {
					AEA7B8451C88110F004605A3 = {
						CreatedOnToolsVersion = 7.2.1;
					};
				};
			};
			buildConfigurationList = AEA7B8411C88110F004605A3 /* Build configuration list for PBXProject "BahamaAirChapte4" */;
			compatibilityVersion = "Xcode 3.2";
			developmentRegion = English;
			hasScannedForEncodings = 0;
			knownRegions = (
				en,
				Base,
			);
			mainGroup = AEA7B83D1C88110F004605A3;
			productRefGroup = AEA7B8471C88110F004605A3 /* Products */;
			projectDirPath = "";
			projectRoot = "";
			targets = (
				AEA7B8451C88110F004605A3 /* BahamaAirChapte4 */,
			);
		};
/* End PBXProject section */

/* Begin PBXResourcesBuildPhase section */
		AEA7B8441C88110F004605A3 /* Resources */ = {
			isa = PBXResourcesBuildPhase;
			buildActionMask = 2147483647;
			files = (
				AEA7B85F1C881147004605A3 /* Images.xcassets in Resources */,
				AEA7B8571C88110F004605A3 /* LaunchScreen.storyboard in Resources */,
				AEA7B84F1C88110F004605A3 /* Main.storyboard in Resources */,
			);
			runOnlyForDeploymentPostprocessing = 0;
		};
/* End PBXResourcesBuildPhase section */

/* Begin PBXSourcesBuildPhase section */
		AEA7B8421C88110F004605A3 /* Sources */ = {
			isa = PBXSourcesBuildPhase;
			buildActionMask = 2147483647;
			files = (
				AEA7B84C1C88110F004605A3 /* ViewController.swift in Sources */,
				AEA7B8521C88110F004605A3 /* BahamaAirChapte4.xcdatamodeld in Sources */,
				AEA7B84A1C88110F004605A3 /* AppDelegate.swift in Sources */,
				AEA7B8611C881666004605A3 /* FlightData.swift in Sources */,
			);
			runOnlyForDeploymentPostprocessing = 0;
		};
/* End PBXSourcesBuildPhase section */

/* Begin PBXVariantGroup section */
		AEA7B84D1C88110F004605A3 /* Main.storyboard */ = {
			isa = PBXVariantGroup;
			children = (
				AEA7B84E1C88110F004605A3 /* Base */,
			);
			name = Main.storyboard;
			sourceTree = "<group>";
		};
		AEA7B8551C88110F004605A3 /* LaunchScreen.storyboard */ = {
			isa = PBXVariantGroup;
			children = (
				AEA7B8561C88110F004605A3 /* Base */,
			);
			name = LaunchScreen.storyboard;
			sourceTree = "<group>";
		};
/* End PBXVariantGroup section */

/* Begin XCBuildConfiguration section */
		AEA7B8591C88110F004605A3 /* Debug */ = {
			isa = XCBuildConfiguration;
			buildSettings = {
				ALWAYS_SEARCH_USER_PATHS = NO;
				CLANG_CXX_LANGUAGE_STANDARD = "gnu++0x";
				CLANG_CXX_LIBRARY = "libc++";
				CLANG_ENABLE_MODULES = YES;
				CLANG_ENABLE_OBJC_ARC = YES;
				CLANG_WARN_BOOL_CONVERSION = YES;
				CLANG_WARN_CONSTANT_CONVERSION = YES;
				CLANG_WARN_DIRECT_OBJC_ISA_USAGE = YES_ERROR;
				CLANG_WARN_EMPTY_BODY = YES;
				CLANG_WARN_ENUM_CONVERSION = YES;
				CLANG_WARN_INT_CONVERSION = YES;
				CLANG_WARN_OBJC_ROOT_CLASS = YES_ERROR;
				CLANG_WARN_UNREACHABLE_CODE = YES;
				CLANG_WARN__DUPLICATE_METHOD_MATCH = YES;
				"CODE_SIGN_IDENTITY[sdk=iphoneos*]" = "iPhone Developer";
				COPY_PHASE_STRIP = NO;
				DEBUG_INFORMATION_FORMAT = dwarf;
				ENABLE_STRICT_OBJC_MSGSEND = YES;
				ENABLE_TESTABILITY = YES;
				GCC_C_LANGUAGE_STANDARD = gnu99;
				GCC_DYNAMIC_NO_PIC = NO;
				GCC_NO_COMMON_BLOCKS = YES;
				GCC_OPTIMIZATION_LEVEL = 0;
				GCC_PREPROCESSOR_DEFINITIONS = (
					"DEBUG=1",
					"$(inherited)",
				);
				GCC_WARN_64_TO_32_BIT_CONVERSION = YES;
				GCC_WARN_ABOUT_RETURN_TYPE = YES_ERROR;
				GCC_WARN_UNDECLARED_SELECTOR = YES;
				GCC_WARN_UNINITIALIZED_AUTOS = YES_AGGRESSIVE;
				GCC_WARN_UNUSED_FUNCTION = YES;
				GCC_WARN_UNUSED_VARIABLE = YES;
				IPHONEOS_DEPLOYMENT_TARGET = 9.2;
				MTL_ENABLE_DEBUG_INFO = YES;
				ONLY_ACTIVE_ARCH = YES;
				SDKROOT = iphoneos;
				SWIFT_OPTIMIZATION_LEVEL = "-Onone";
			};
			name = Debug;
		};
		AEA7B85A1C88110F004605A3 /* Release */ = {
			isa = XCBuildConfiguration;
			buildSettings = {
				ALWAYS_SEARCH_USER_PATHS = NO;
				CLANG_CXX_LANGUAGE_STANDARD = "gnu++0x";
				CLANG_CXX_LIBRARY = "libc++";
				CLANG_ENABLE_MODULES = YES;
				CLANG_ENABLE_OBJC_ARC = YES;
				CLANG_WARN_BOOL_CONVERSION = YES;
				CLANG_WARN_CONSTANT_CONVERSION = YES;
				CLANG_WARN_DIRECT_OBJC_ISA_USAGE = YES_ERROR;
				CLANG_WARN_EMPTY_BODY = YES;
				CLANG_WARN_ENUM_CONVERSION = YES;
				CLANG_WARN_INT_CONVERSION = YES;
				CLANG_WARN_OBJC_ROOT_CLASS = YES_ERROR;
				CLANG_WARN_UNREACHABLE_CODE = YES;
				CLANG_WARN__DUPLICATE_METHOD_MATCH = YES;
				"CODE_SIGN_IDENTITY[sdk=iphoneos*]" = "iPhone Developer";
				COPY_PHASE_STRIP = NO;
				DEBUG_INFORMATION_FORMAT = "dwarf-with-dsym";
				ENABLE_NS_ASSERTIONS = NO;
				ENABLE_STRICT_OBJC_MSGSEND = YES;
				GCC_C_LANGUAGE_STANDARD = gnu99;
				GCC_NO_COMMON_BLOCKS = YES;
				GCC_WARN_64_TO_32_BIT_CONVERSION = YES;
				GCC_WARN_ABOUT_RETURN_TYPE = YES_ERROR;
				GCC_WARN_UNDECLARED_SELECTOR = YES;
				GCC_WARN_UNINITIALIZED_AUTOS = YES_AGGRESSIVE;
				GCC_WARN_UNUSED_FUNCTION = YES;
				GCC_WARN_UNUSED_VARIABLE = YES;
				IPHONEOS_DEPLOYMENT_TARGET = 9.2;
				MTL_ENABLE_DEBUG_INFO = NO;
				SDKROOT = iphoneos;
				VALIDATE_PRODUCT = YES;
			};
			name = Release;
		};
		AEA7B85C1C88110F004605A3 /* Debug */ = {
			isa = XCBuildConfiguration;
			buildSettings = {
				ASSETCATALOG_COMPILER_APPICON_NAME = AppIcon;
				INFOPLIST_FILE = BahamaAirChapte4/Info.plist;
				LD_RUNPATH_SEARCH_PATHS = "$(inherited) @executable_path/Frameworks";
				PRODUCT_BUNDLE_IDENTIFIER = com.Junna.BahamaAirChapte4;
				PRODUCT_NAME = "$(TARGET_NAME)";
			};
			name = Debug;
		};
		AEA7B85D1C88110F004605A3 /* Release */ = {
			isa = XCBuildConfiguration;
			buildSettings = {
				ASSETCATALOG_COMPILER_APPICON_NAME = AppIcon;
				INFOPLIST_FILE = BahamaAirChapte4/Info.plist;
				LD_RUNPATH_SEARCH_PATHS = "$(inherited) @executable_path/Frameworks";
				PRODUCT_BUNDLE_IDENTIFIER = com.Junna.BahamaAirChapte4;
				PRODUCT_NAME = "$(TARGET_NAME)";
			};
			name = Release;
		};
/* End XCBuildConfiguration section */

/* Begin XCConfigurationList section */
		AEA7B8411C88110F004605A3 /* Build configuration list for PBXProject "BahamaAirChapte4" */ = {
			isa = XCConfigurationList;
			buildConfigurations = (
				AEA7B8591C88110F004605A3 /* Debug */,
				AEA7B85A1C88110F004605A3 /* Release */,
			);
			defaultConfigurationIsVisible = 0;
			defaultConfigurationName = Release;
		};
		AEA7B85B1C88110F004605A3 /* Build configuration list for PBXNativeTarget "BahamaAirChapte4" */ = {
			isa = XCConfigurationList;
			buildConfigurations = (
				AEA7B85C1C88110F004605A3 /* Debug */,
				AEA7B85D1C88110F004605A3 /* Release */,
			);
			defaultConfigurationIsVisible = 0;
		};
/* End XCConfigurationList section */

/* Begin XCVersionGroup section */
		AEA7B8501C88110F004605A3 /* BahamaAirChapte4.xcdatamodeld */ = {
			isa = XCVersionGroup;
			children = (
				AEA7B8511C88110F004605A3 /* BahamaAirChapte4.xcdatamodel */,
			);
			currentVersion = AEA7B8511C88110F004605A3 /* BahamaAirChapte4.xcdatamodel */;
			path = BahamaAirChapte4.xcdatamodeld;
			sourceTree = "<group>";
			versionGroupType = wrapper.xcdatamodel;
		};
/* End XCVersionGroup section */
	};
	rootObject = AEA7B83E1C88110F004605A3 /* Project object */;
}
