// !$*UTF8*$!
{
	archiveVersion = 1;
	classes = {
	};
	objectVersion = 46;
	objects = {

/* Begin PBXBuildFile section */
		AEAA0A471C70531C007675F7 /* AppDelegate.swift in Sources */ = {isa = PBXBuildFile; fileRef = AEAA0A461C70531C007675F7 /* AppDelegate.swift */; };
		AEAA0A491C70531C007675F7 /* ViewController.swift in Sources */ = {isa = PBXBuildFile; fileRef = AEAA0A481C70531C007675F7 /* ViewController.swift */; };
		AEAA0A4C1C70531D007675F7 /* Main.storyboard in Resources */ = {isa = PBXBuildFile; fileRef = AEAA0A4A1C70531D007675F7 /* Main.storyboard */; };
		AEAA0A4F1C70531D007675F7 /* CoreGraphicsDemo.xcdatamodeld in Sources */ = {isa = PBXBuildFile; fileRef = AEAA0A4D1C70531D007675F7 /* CoreGraphicsDemo.xcdatamodeld */; };
		AEAA0A511C70531D007675F7 /* Assets.xcassets in Resources */ = {isa = PBXBuildFile; fileRef = AEAA0A501C70531D007675F7 /* Assets.xcassets */; };
		AEAA0A541C70531D007675F7 /* LaunchScreen.storyboard in Resources */ = {isa = PBXBuildFile; fileRef = AEAA0A521C70531D007675F7 /* LaunchScreen.storyboard */; };
		AEAA0A5C1C70534D007675F7 /* CoreGraphicsDemoView.swift in Sources */ = {isa = PBXBuildFile; fileRef = AEAA0A5B1C70534D007675F7 /* CoreGraphicsDemoView.swift */; };
/* End PBXBuildFile section */

/* Begin PBXFileReference section */
		AEAA0A431C70531C007675F7 /* CoreGraphicsDemo.app */ = {isa = PBXFileReference; explicitFileType = wrapper.application; includeInIndex = 0; path = CoreGraphicsDemo.app; sourceTree = BUILT_PRODUCTS_DIR; };
		AEAA0A461C70531C007675F7 /* AppDelegate.swift */ = {isa = PBXFileReference; lastKnownFileType = sourcecode.swift; path = AppDelegate.swift; sourceTree = "<group>"; };
		AEAA0A481C70531C007675F7 /* ViewController.swift */ = {isa = PBXFileReference; lastKnownFileType = sourcecode.swift; path = ViewController.swift; sourceTree = "<group>"; };
		AEAA0A4B1C70531D007675F7 /* Base */ = {isa = PBXFileReference; lastKnownFileType = file.storyboard; name = Base; path = Base.lproj/Main.storyboard; sourceTree = "<group>"; };
		AEAA0A4E1C70531D007675F7 /* CoreGraphicsDemo.xcdatamodel */ = {isa = PBXFileReference; lastKnownFileType = wrapper.xcdatamodel; path = CoreGraphicsDemo.xcdatamodel; sourceTree = "<group>"; };
		AEAA0A501C70531D007675F7 /* Assets.xcassets */ = {isa = PBXFileReference; lastKnownFileType = folder.assetcatalog; path = Assets.xcassets; sourceTree = "<group>"; };
		AEAA0A531C70531D007675F7 /* Base */ = {isa = PBXFileReference; lastKnownFileType = file.storyboard; name = Base; path = Base.lproj/LaunchScreen.storyboard; sourceTree = "<group>"; };
		AEAA0A551C70531D007675F7 /* Info.plist */ = {isa = PBXFileReference; lastKnownFileType = text.plist.xml; path = Info.plist; sourceTree = "<group>"; };
		AEAA0A5B1C70534D007675F7 /* CoreGraphicsDemoView.swift */ = {isa = PBXFileReference; fileEncoding = 4; lastKnownFileType = sourcecode.swift; path = CoreGraphicsDemoView.swift; sourceTree = "<group>"; };
/* End PBXFileReference section */

/* Begin PBXFrameworksBuildPhase section */
		AEAA0A401C70531C007675F7 /* Frameworks */ = {
			isa = PBXFrameworksBuildPhase;
			buildActionMask = 2147483647;
			files = (
			);
			runOnlyForDeploymentPostprocessing = 0;
		};
/* End PBXFrameworksBuildPhase section */

/* Begin PBXGroup section */
		AEAA0A3A1C70531C007675F7 = {
			isa = PBXGroup;
			children = (
				AEAA0A451C70531C007675F7 /* CoreGraphicsDemo */,
				AEAA0A441C70531C007675F7 /* Products */,
			);
			sourceTree = "<group>";
		};
		AEAA0A441C70531C007675F7 /* Products */ = {
			isa = PBXGroup;
			children = (
				AEAA0A431C70531C007675F7 /* CoreGraphicsDemo.app */,
			);
			name = Products;
			sourceTree = "<group>";
		};
		AEAA0A451C70531C007675F7 /* CoreGraphicsDemo */ = {
			isa = PBXGroup;
			children = (
				AEAA0A461C70531C007675F7 /* AppDelegate.swift */,
				AEAA0A481C70531C007675F7 /* ViewController.swift */,
				AEAA0A4A1C70531D007675F7 /* Main.storyboard */,
				AEAA0A501C70531D007675F7 /* Assets.xcassets */,
				AEAA0A521C70531D007675F7 /* LaunchScreen.storyboard */,
				AEAA0A551C70531D007675F7 /* Info.plist */,
				AEAA0A4D1C70531D007675F7 /* CoreGraphicsDemo.xcdatamodeld */,
				AEAA0A5B1C70534D007675F7 /* CoreGraphicsDemoView.swift */,
			);
			path = CoreGraphicsDemo;
			sourceTree = "<group>";
		};
/* End PBXGroup section */

/* Begin PBXNativeTarget section */
		AEAA0A421C70531C007675F7 /* CoreGraphicsDemo */ = {
			isa = PBXNativeTarget;
			buildConfigurationList = AEAA0A581C70531D007675F7 /* Build configuration list for PBXNativeTarget "CoreGraphicsDemo" */;
			buildPhases = (
				AEAA0A3F1C70531C007675F7 /* Sources */,
				AEAA0A401C70531C007675F7 /* Frameworks */,
				AEAA0A411C70531C007675F7 /* Resources */,
			);
			buildRules = (
			);
			dependencies = (
			);
			name = CoreGraphicsDemo;
			productName = CoreGraphicsDemo;
			productReference = AEAA0A431C70531C007675F7 /* CoreGraphicsDemo.app */;
			productType = "com.apple.product-type.application";
		};
/* End PBXNativeTarget section */

/* Begin PBXProject section */
		AEAA0A3B1C70531C007675F7 /* Project object */ = {
			isa = PBXProject;
			attributes = {
				LastSwiftUpdateCheck = 0720;
				LastUpgradeCheck = 0720;
				ORGANIZATIONNAME = Junna;
				TargetAttributes = {
					AEAA0A421C70531C007675F7 = {
						CreatedOnToolsVersion = 7.2.1;
					};
				};
			};
			buildConfigurationList = AEAA0A3E1C70531C007675F7 /* Build configuration list for PBXProject "CoreGraphicsDemo" */;
			compatibilityVersion = "Xcode 3.2";
			developmentRegion = English;
			hasScannedForEncodings = 0;
			knownRegions = (
				en,
				Base,
			);
			mainGroup = AEAA0A3A1C70531C007675F7;
			productRefGroup = AEAA0A441C70531C007675F7 /* Products */;
			projectDirPath = "";
			projectRoot = "";
			targets = (
				AEAA0A421C70531C007675F7 /* CoreGraphicsDemo */,
			);
		};
/* End PBXProject section */

/* Begin PBXResourcesBuildPhase section */
		AEAA0A411C70531C007675F7 /* Resources */ = {
			isa = PBXResourcesBuildPhase;
			buildActionMask = 2147483647;
			files = (
				AEAA0A541C70531D007675F7 /* LaunchScreen.storyboard in Resources */,
				AEAA0A511C70531D007675F7 /* Assets.xcassets in Resources */,
				AEAA0A4C1C70531D007675F7 /* Main.storyboard in Resources */,
			);
			runOnlyForDeploymentPostprocessing = 0;
		};
/* End PBXResourcesBuildPhase section */

/* Begin PBXSourcesBuildPhase section */
		AEAA0A3F1C70531C007675F7 /* Sources */ = {
			isa = PBXSourcesBuildPhase;
			buildActionMask = 2147483647;
			files = (
				AEAA0A5C1C70534D007675F7 /* CoreGraphicsDemoView.swift in Sources */,
				AEAA0A4F1C70531D007675F7 /* CoreGraphicsDemo.xcdatamodeld in Sources */,
				AEAA0A491C70531C007675F7 /* ViewController.swift in Sources */,
				AEAA0A471C70531C007675F7 /* AppDelegate.swift in Sources */,
			);
			runOnlyForDeploymentPostprocessing = 0;
		};
/* End PBXSourcesBuildPhase section */

/* Begin PBXVariantGroup section */
		AEAA0A4A1C70531D007675F7 /* Main.storyboard */ = {
			isa = PBXVariantGroup;
			children = (
				AEAA0A4B1C70531D007675F7 /* Base */,
			);
			name = Main.storyboard;
			sourceTree = "<group>";
		};
		AEAA0A521C70531D007675F7 /* LaunchScreen.storyboard */ = {
			isa = PBXVariantGroup;
			children = (
				AEAA0A531C70531D007675F7 /* Base */,
			);
			name = LaunchScreen.storyboard;
			sourceTree = "<group>";
		};
/* End PBXVariantGroup section */

/* Begin XCBuildConfiguration section */
		AEAA0A561C70531D007675F7 /* Debug */ = {
			isa = XCBuildConfiguration;
			buildSettings = {
				ALWAYS_SEARCH_USER_PATHS = NO;
				CLANG_CXX_LANGUAGE_STANDARD = "gnu++0x";
				CLANG_CXX_LIBRARY = "libc++";
				CLANG_ENABLE_MODULES = YES;
				CLANG_ENABLE_OBJC_ARC = YES;
				CLANG_WARN_BOOL_CONVERSION = YES;
				CLANG_WARN_CONSTANT_CONVERSION = YES;
				CLANG_WARN_DIRECT_OBJC_ISA_USAGE = YES_ERROR;
				CLANG_WARN_EMPTY_BODY = YES;
				CLANG_WARN_ENUM_CONVERSION = YES;
				CLANG_WARN_INT_CONVERSION = YES;
				CLANG_WARN_OBJC_ROOT_CLASS = YES_ERROR;
				CLANG_WARN_UNREACHABLE_CODE = YES;
				CLANG_WARN__DUPLICATE_METHOD_MATCH = YES;
				"CODE_SIGN_IDENTITY[sdk=iphoneos*]" = "iPhone Developer";
				COPY_PHASE_STRIP = NO;
				DEBUG_INFORMATION_FORMAT = dwarf;
				ENABLE_STRICT_OBJC_MSGSEND = YES;
				ENABLE_TESTABILITY = YES;
				GCC_C_LANGUAGE_STANDARD = gnu99;
				GCC_DYNAMIC_NO_PIC = NO;
				GCC_NO_COMMON_BLOCKS = YES;
				GCC_OPTIMIZATION_LEVEL = 0;
				GCC_PREPROCESSOR_DEFINITIONS = (
					"DEBUG=1",
					"$(inherited)",
				);
				GCC_WARN_64_TO_32_BIT_CONVERSION = YES;
				GCC_WARN_ABOUT_RETURN_TYPE = YES_ERROR;
				GCC_WARN_UNDECLARED_SELECTOR = YES;
				GCC_WARN_UNINITIALIZED_AUTOS = YES_AGGRESSIVE;
				GCC_WARN_UNUSED_FUNCTION = YES;
				GCC_WARN_UNUSED_VARIABLE = YES;
				IPHONEOS_DEPLOYMENT_TARGET = 9.2;
				MTL_ENABLE_DEBUG_INFO = YES;
				ONLY_ACTIVE_ARCH = YES;
				SDKROOT = iphoneos;
				SWIFT_OPTIMIZATION_LEVEL = "-Onone";
				TARGETED_DEVICE_FAMILY = "1,2";
			};
			name = Debug;
		};
		AEAA0A571C70531D007675F7 /* Release */ = {
			isa = XCBuildConfiguration;
			buildSettings = {
				ALWAYS_SEARCH_USER_PATHS = NO;
				CLANG_CXX_LANGUAGE_STANDARD = "gnu++0x";
				CLANG_CXX_LIBRARY = "libc++";
				CLANG_ENABLE_MODULES = YES;
				CLANG_ENABLE_OBJC_ARC = YES;
				CLANG_WARN_BOOL_CONVERSION = YES;
				CLANG_WARN_CONSTANT_CONVERSION = YES;
				CLANG_WARN_DIRECT_OBJC_ISA_USAGE = YES_ERROR;
				CLANG_WARN_EMPTY_BODY = YES;
				CLANG_WARN_ENUM_CONVERSION = YES;
				CLANG_WARN_INT_CONVERSION = YES;
				CLANG_WARN_OBJC_ROOT_CLASS = YES_ERROR;
				CLANG_WARN_UNREACHABLE_CODE = YES;
				CLANG_WARN__DUPLICATE_METHOD_MATCH = YES;
				"CODE_SIGN_IDENTITY[sdk=iphoneos*]" = "iPhone Developer";
				COPY_PHASE_STRIP = NO;
				DEBUG_INFORMATION_FORMAT = "dwarf-with-dsym";
				ENABLE_NS_ASSERTIONS = NO;
				ENABLE_STRICT_OBJC_MSGSEND = YES;
				GCC_C_LANGUAGE_STANDARD = gnu99;
				GCC_NO_COMMON_BLOCKS = YES;
				GCC_WARN_64_TO_32_BIT_CONVERSION = YES;
				GCC_WARN_ABOUT_RETURN_TYPE = YES_ERROR;
				GCC_WARN_UNDECLARED_SELECTOR = YES;
				GCC_WARN_UNINITIALIZED_AUTOS = YES_AGGRESSIVE;
				GCC_WARN_UNUSED_FUNCTION = YES;
				GCC_WARN_UNUSED_VARIABLE = YES;
				IPHONEOS_DEPLOYMENT_TARGET = 9.2;
				MTL_ENABLE_DEBUG_INFO = NO;
				SDKROOT = iphoneos;
				TARGETED_DEVICE_FAMILY = "1,2";
				VALIDATE_PRODUCT = YES;
			};
			name = Release;
		};
		AEAA0A591C70531D007675F7 /* Debug */ = {
			isa = XCBuildConfiguration;
			buildSettings = {
				ASSETCATALOG_COMPILER_APPICON_NAME = AppIcon;
				INFOPLIST_FILE = CoreGraphicsDemo/Info.plist;
				LD_RUNPATH_SEARCH_PATHS = "$(inherited) @executable_path/Frameworks";
				PRODUCT_BUNDLE_IDENTIFIER = com.Junna.CoreGraphicsDemo;
				PRODUCT_NAME = "$(TARGET_NAME)";
			};
			name = Debug;
		};
		AEAA0A5A1C70531D007675F7 /* Release */ = {
			isa = XCBuildConfiguration;
			buildSettings = {
				ASSETCATALOG_COMPILER_APPICON_NAME = AppIcon;
				INFOPLIST_FILE = CoreGraphicsDemo/Info.plist;
				LD_RUNPATH_SEARCH_PATHS = "$(inherited) @executable_path/Frameworks";
				PRODUCT_BUNDLE_IDENTIFIER = com.Junna.CoreGraphicsDemo;
				PRODUCT_NAME = "$(TARGET_NAME)";
			};
			name = Release;
		};
/* End XCBuildConfiguration section */

/* Begin XCConfigurationList section */
		AEAA0A3E1C70531C007675F7 /* Build configuration list for PBXProject "CoreGraphicsDemo" */ = {
			isa = XCConfigurationList;
			buildConfigurations = (
				AEAA0A561C70531D007675F7 /* Debug */,
				AEAA0A571C70531D007675F7 /* Release */,
			);
			defaultConfigurationIsVisible = 0;
			defaultConfigurationName = Release;
		};
		AEAA0A581C70531D007675F7 /* Build configuration list for PBXNativeTarget "CoreGraphicsDemo" */ = {
			isa = XCConfigurationList;
			buildConfigurations = (
				AEAA0A591C70531D007675F7 /* Debug */,
				AEAA0A5A1C70531D007675F7 /* Release */,
			);
			defaultConfigurationIsVisible = 0;
		};
/* End XCConfigurationList section */

/* Begin XCVersionGroup section */
		AEAA0A4D1C70531D007675F7 /* CoreGraphicsDemo.xcdatamodeld */ = {
			isa = XCVersionGroup;
			children = (
				AEAA0A4E1C70531D007675F7 /* CoreGraphicsDemo.xcdatamodel */,
			);
			currentVersion = AEAA0A4E1C70531D007675F7 /* CoreGraphicsDemo.xcdatamodel */;
			path = CoreGraphicsDemo.xcdatamodeld;
			sourceTree = "<group>";
			versionGroupType = wrapper.xcdatamodel;
		};
/* End XCVersionGroup section */
	};
	rootObject = AEAA0A3B1C70531C007675F7 /* Project object */;
}
